
Microsoft Visual Studio Solution File, Format Version 12.00
# Visual Studio Version 17
VisualStudioVersion = 17.8.34322.80
MinimumVisualStudioVersion = 10.0.40219.1
Project("{9A19103F-16F7-4668-BE54-9A1E7A4F7556}") = "DiamondPrinterTests", "DiamondPrinterTests\DiamondPrinterTests.csproj", "{C490F71D-DC5A-4E2C-8B3E-5FCBB30805A4}"
EndProject
Project("{9A19103F-16F7-4668-BE54-9A1E7A4F7556}") = "DiamondKata", "ConsoleApp\DiamondKata.csproj", "{5BE89554-0ED2-4121-B93F-961FC6B34058}"
EndProject
Global
	GlobalSection(SolutionConfigurationPlatforms) = preSolution
		Debug|Any CPU = Debug|Any CPU
		Release|Any CPU = Release|Any CPU
	EndGlobalSection
	GlobalSection(ProjectConfigurationPlatforms) = postSolution
		{C490F71D-DC5A-4E2C-8B3E-5FCBB30805A4}.Debug|Any CPU.ActiveCfg = Debug|Any CPU
		{C490F71D-DC5A-4E2C-8B3E-5FCBB30805A4}.Debug|Any CPU.Build.0 = Debug|Any CPU
		{C490F71D-DC5A-4E2C-8B3E-5FCBB30805A4}.Release|Any CPU.ActiveCfg = Release|Any CPU
		{C490F71D-DC5A-4E2C-8B3E-5FCBB30805A4}.Release|Any CPU.Build.0 = Release|Any CPU
		{5BE89554-0ED2-4121-B93F-961FC6B34058}.Debug|Any CPU.ActiveCfg = Debug|Any CPU
		{5BE89554-0ED2-4121-B93F-961FC6B34058}.Debug|Any CPU.Build.0 = Debug|Any CPU
		{5BE89554-0ED2-4121-B93F-961FC6B34058}.Release|Any CPU.ActiveCfg = Release|Any CPU
		{5BE89554-0ED2-4121-B93F-961FC6B34058}.Release|Any CPU.Build.0 = Release|Any CPU
	EndGlobalSection
	GlobalSection(SolutionProperties) = preSolution
		HideSolutionNode = FALSE
	EndGlobalSection
	GlobalSection(ExtensibilityGlobals) = postSolution
		SolutionGuid = {5BA46347-8F2F-447C-8778-6BE529DC1107}
	EndGlobalSection
EndGlobal
